
Microsoft Visual Studio Solution File, Format Version 12.00
# Visual Studio 2013
VisualStudioVersion = 12.0.40302.0
MinimumVisualStudioVersion = 10.0.40219.1
Project("{FAE04EC0-301F-11D3-BF4B-00C04F79EFBC}") = "esiv2.net", "esiv2.net\esiv2.net.csproj", "{F6707BB1-248C-4D7F-8AE8-F582F2629D53}"
EndProject
Project("{FAE04EC0-301F-11D3-BF4B-00C04F79EFBC}") = "esiv2.net.Tests", "esiv2.net.Tests\esiv2.net.Tests.csproj", "{8BABADDD-BA5B-4A67-B784-885614A93CA7}"
EndProject
Project("{2150E333-8FDC-42A3-9474-1A3956D46DE8}") = "PublishScripts", "PublishScripts", "{05BC5021-3A99-4F6D-BA9A-618B5FA38799}"
	ProjectSection(SolutionItems) = preProject
		PublishScripts\AzureWebsitePublishModule.psm1 = PublishScripts\AzureWebsitePublishModule.psm1
		PublishScripts\Publish-WebApplicationWebsite.ps1 = PublishScripts\Publish-WebApplicationWebsite.ps1
	EndProjectSection
EndProject
Project("{2150E333-8FDC-42A3-9474-1A3956D46DE8}") = "Configurations", "Configurations", "{947B5206-AEEF-45DA-AF41-E513328FA14E}"
	ProjectSection(SolutionItems) = preProject
		PublishScripts\Configurations\esiv2net-WAWS-dev.json = PublishScripts\Configurations\esiv2net-WAWS-dev.json
	EndProjectSection
EndProject
Global
	GlobalSection(SolutionConfigurationPlatforms) = preSolution
		Debug|Any CPU = Debug|Any CPU
		Release|Any CPU = Release|Any CPU
	EndGlobalSection
	GlobalSection(ProjectConfigurationPlatforms) = postSolution
		{F6707BB1-248C-4D7F-8AE8-F582F2629D53}.Debug|Any CPU.ActiveCfg = Debug|Any CPU
		{F6707BB1-248C-4D7F-8AE8-F582F2629D53}.Debug|Any CPU.Build.0 = Debug|Any CPU
		{F6707BB1-248C-4D7F-8AE8-F582F2629D53}.Release|Any CPU.ActiveCfg = Release|Any CPU
		{F6707BB1-248C-4D7F-8AE8-F582F2629D53}.Release|Any CPU.Build.0 = Release|Any CPU
		{8BABADDD-BA5B-4A67-B784-885614A93CA7}.Debug|Any CPU.ActiveCfg = Debug|Any CPU
		{8BABADDD-BA5B-4A67-B784-885614A93CA7}.Debug|Any CPU.Build.0 = Debug|Any CPU
		{8BABADDD-BA5B-4A67-B784-885614A93CA7}.Release|Any CPU.ActiveCfg = Release|Any CPU
		{8BABADDD-BA5B-4A67-B784-885614A93CA7}.Release|Any CPU.Build.0 = Release|Any CPU
	EndGlobalSection
	GlobalSection(SolutionProperties) = preSolution
		HideSolutionNode = FALSE
	EndGlobalSection
	GlobalSection(NestedProjects) = preSolution
		{947B5206-AEEF-45DA-AF41-E513328FA14E} = {05BC5021-3A99-4F6D-BA9A-618B5FA38799}
	EndGlobalSection
EndGlobal
